<?xml version="1.0" encoding="utf-8"?>
<Project ToolsVersion="4.0" xmlns="http://schemas.microsoft.com/developer/msbuild/2003">
  <ItemGroup>
    <Filter Include="Source Files">
      <UniqueIdentifier>{4FC737F1-C7A5-4376-A066-2A32D752A2FF}</UniqueIdentifier>
      <Extensions>cpp;c;cc;cxx;c++;cppm;ixx;def;odl;idl;hpj;bat;asm;asmx</Extensions>
    </Filter>
    <Filter Include="Header Files">
      <UniqueIdentifier>{93995380-89BD-4b04-88EB-625FBE52EBFB}</UniqueIdentifier>
      <Extensions>h;hh;hpp;hxx;h++;hm;inl;inc;ipp;xsd</Extensions>
    </Filter>
    <Filter Include="Resource Files">
      <UniqueIdentifier>{67DA6AB6-F800-4c08-8B7A-83BB121AAD01}</UniqueIdentifier>
      <Extensions>rc;ico;cur;bmp;dlg;rc2;rct;bin;rgs;gif;jpg;jpeg;jpe;resx;tiff;tif;png;wav;mfcribbon-ms</Extensions>
    </Filter>
    <Filter Include="Media">
      <UniqueIdentifier>{fd94aff1-7048-4168-966a-088e42b11ed6}</UniqueIdentifier>
    </Filter>
  </ItemGroup>
  <ItemGroup>
    <ClCompile Include="main.cpp">
      <Filter>Source Files</Filter>
    </ClCompile>
    <ClCompile Include="input.cpp">
      <Filter>Source Files</Filter>
    </ClCompile>
    <ClCompile Include="font.cpp">
      <Filter>Source Files</Filter>
    </ClCompile>
    <ClCompile Include="DiagCommon.cpp">
      <Filter>Source Files</Filter>
    </ClCompile>
    <ClCompile Include="DiagMenu.cpp">
      <Filter>Source Files</Filter>
    </ClCompile>
    <ClCompile Include="AboutScreen.cpp">
      <Filter>Source Files</Filter>
    </ClCompile>
    <ClCompile Include="SysInfo.cpp">
      <Filter>Source Files</Filter>
    </ClCompile>
    <ClCompile Include="RamTest.cpp">
      <Filter>Source Files</Filter>
    </ClCompile>
    <ClCompile Include="SmBusScan.cpp">
      <Filter>Source Files</Filter>
    </ClCompile>
    <ClCompile Include="TempMonitor.cpp">
      <Filter>Source Files</Filter>
    </ClCompile>
    <ClCompile Include="EepromView.cpp">
      <Filter>Source Files</Filter>
    </ClCompile>
    <ClCompile Include="VideoInfo.cpp">
      <Filter>Source Files</Filter>
    </ClCompile>
    <ClCompile Include="HddInfo.cpp">
      <Filter>Source Files</Filter>
    </ClCompile>
    <ClCompile Include="ControllerTest.cpp">
      <Filter>Source Files</Filter>
    </ClCompile>
    <ClCompile Include="StressTest.cpp">
      <Filter>Source Files</Filter>
    </ClCompile>
    <ClCompile Include="FileExplorer.cpp">
      <Filter>Source Files</Filter>
    </ClCompile>
    <ClCompile Include="StressMath.cpp">
      <Filter>Source Files</Filter>
    </ClCompile>
    <ClCompile Include="XbSet.cpp">
      <Filter>Source Files</Filter>
    </ClCompile>
    <ClCompile Include="FtpServ.cpp">
      <Filter>Source Files</Filter>
    </ClCompile>
    <ClCompile Include="Lcd.cpp">
      <Filter>Source Files</Filter>
    </ClCompile>
    <ClCompile Include="Update.cpp">
      <Filter>Source Files</Filter>
    </ClCompile>
    <ClCompile Include="HddBench.cpp">
      <Filter>Source Files</Filter>
    </ClCompile>
    <ClCompile Include="HddSmart.cpp">
      <Filter>Source Files</Filter>
    </ClCompile>
    <ClCompile Include="EepromCrypto.cpp">
      <Filter>Source Files</Filter>
    </ClCompile>
    <ClCompile Include="EepromSettings.cpp">
      <Filter>Source Files</Filter>
    </ClCompile>
    <ClCompile Include="EepromRepair.cpp">
      <Filter>Source Files</Filter>
    </ClCompile>
    <ClCompile Include="FileExplorerMU.cpp">
      <Filter>Source Files</Filter>
    </ClCompile>
    <ClCompile Include="FileExplorerOps.cpp">
      <Filter>Source Files</Filter>
    </ClCompile>
    <ClCompile Include="StressTestCPU.cpp">
      <Filter>Source Files</Filter>
    </ClCompile>
    <ClCompile Include="StressTestRAM.cpp">
      <Filter>Source Files</Filter>
    </ClCompile>
    <ClCompile Include="Keyboard.cpp">
      <Filter>Source Files</Filter>
    </ClCompile>
    <ClCompile Include="FileViewer.cpp">
      <Filter>Source Files</Filter>
    </ClCompile>
  </ItemGroup>
  <ItemGroup>
    <Text Include="Media\Copy Assets Here.txt">
      <Filter>Media</Filter>
    </Text>
  </ItemGroup>
  <ItemGroup>
    <ClInclude Include="font.h">
      <Filter>Header Files</Filter>
    </ClInclude>
    <ClInclude Include="input.h">
      <Filter>Header Files</Filter>
    </ClInclude>
    <ClInclude Include="DiagCommon.h">
      <Filter>Header Files</Filter>
    </ClInclude>
    <ClInclude Include="DiagMenu.h">
      <Filter>Header Files</Filter>
    </ClInclude>
    <ClInclude Include="AboutScreen.h">
      <Filter>Header Files</Filter>
    </ClInclude>
    <ClInclude Include="SysInfo.h">
      <Filter>Header Files</Filter>
    </ClInclude>
    <ClInclude Include="RamTest.h">
      <Filter>Header Files</Filter>
    </ClInclude>
    <ClInclude Include="SmBusScan.h">
      <Filter>Header Files</Filter>
    </ClInclude>
    <ClInclude Include="TempMonitor.h">
      <Filter>Header Files</Filter>
    </ClInclude>
    <ClInclude Include="EepromView.h">
      <Filter>Header Files</Filter>
    </ClInclude>
    <ClInclude Include="VideoInfo.h">
      <Filter>Header Files</Filter>
    </ClInclude>
    <ClInclude Include="HddInfo.h">
      <Filter>Header Files</Filter>
    </ClInclude>
    <ClInclude Include="ControllerTest.h">
      <Filter>Header Files</Filter>
    </ClInclude>
    <ClInclude Include="StressTest.h">
      <Filter>Header Files</Filter>
    </ClInclude>
    <ClInclude Include="FileExplorer.h">
      <Filter>Header Files</Filter>
    </ClInclude>
    <ClInclude Include="StressMath.h">
      <Filter>Header Files</Filter>
    </ClInclude>
    <ClInclude Include="XbSet.h">
      <Filter>Header Files</Filter>
    </ClInclude>
    <ClInclude Include="FtpServ.h">
      <Filter>Header Files</Filter>
    </ClInclude>
    <ClInclude Include="Lcd.h">
      <Filter>Header Files</Filter>
    </ClInclude>
    <ClInclude Include="Update.h">
      <Filter>Header Files</Filter>
    </ClInclude>
    <ClInclude Include="HddBench.h">
      <Filter>Header Files</Filter>
    </ClInclude>
    <ClInclude Include="HddSmart.h">
      <Filter>Header Files</Filter>
    </ClInclude>
    <ClInclude Include="EepromCrypto.h">
      <Filter>Header Files</Filter>
    </ClInclude>
    <ClInclude Include="EepromSettings.h">
      <Filter>Header Files</Filter>
    </ClInclude>
    <ClInclude Include="EepromRepair.h">
      <Filter>Header Files</Filter>
    </ClInclude>
    <ClInclude Include="FileExplorerMU.h">
      <Filter>Header Files</Filter>
    </ClInclude>
    <ClInclude Include="FileExplorerOps.h">
      <Filter>Header Files</Filter>
    </ClInclude>
    <ClInclude Include="StressTestCPU.h">
      <Filter>Header Files</Filter>
    </ClInclude>
    <ClInclude Include="StressTestRAM.h">
      <Filter>Header Files</Filter>
    </ClInclude>
    <ClInclude Include="Keyboard.h">
      <Filter>Header Files</Filter>
    </ClInclude>
    <ClInclude Include="FileViewer.h">
      <Filter>Header Files</Filter>
    </ClInclude>
  </ItemGroup>
  <ItemGroup>
    <Image Include="Media\tex\tr.dds">
      <Filter>Media</Filter>
    </Image>
    <Image Include="Media\tex\xb.dds">
      <Filter>Media</Filter>
    </Image>
    <Image Include="Media\tex\DC.dds">
      <Filter>Media</Filter>
    </Image>
  </ItemGroup>
  <ItemGroup>
    <None Include="Media\XbDiag.ver">
      <Filter>Media</Filter>
    </None>
  </ItemGroup>
</Project>